# THIS IS AN AUTOGENERATED FILE. DO NOT EDIT THIS FILE DIRECTLY.
# yarn lockfile v1


"@esbuild/android-arm@0.15.13":
  version "0.15.13"
  resolved "https://registry.npmmirror.com/@esbuild/android-arm/-/android-arm-0.15.13.tgz#ce11237a13ee76d5eae3908e47ba4ddd380af86a"
  integrity sha512-RY2fVI8O0iFUNvZirXaQ1vMvK0xhCcl0gqRj74Z6yEiO1zAUa7hbsdwZM1kzqbxHK7LFyMizipfXT3JME+12Hw==

"@esbuild/linux-loong64@0.15.13":
  version "0.15.13"
  resolved "https://registry.npmmirror.com/@esbuild/linux-loong64/-/linux-loong64-0.15.13.tgz#64e8825bf0ce769dac94ee39d92ebe6272020dfc"
  integrity sha512-+BoyIm4I8uJmH/QDIH0fu7MG0AEx9OXEDXnqptXCwKOlOqZiS4iraH1Nr7/ObLMokW3sOCeBNyD68ATcV9b9Ag==

"@icetee/ftp@^0.3.15":
  version "0.3.15"
  resolved "https://registry.npmmirror.com/@icetee/ftp/-/ftp-0.3.15.tgz#d32efd91ab7585f0a3b6cbed9ceffe2763b04ec6"
  integrity sha512-RxSa9VjcDWgWCYsaLdZItdCnJj7p4LxggaEk+Y3MP0dHKoxez8ioG07DVekVbZZqccsrL+oPB/N9AzVPxj4blg==
  dependencies:
    readable-stream "1.1.x"
    xregexp "2.0.0"

"@types/node@^18.11.9":
  version "18.11.9"
  resolved "https://registry.npmmirror.com/@types/node/-/node-18.11.9.tgz#02d013de7058cea16d36168ef2fc653464cfbad4"
  integrity sha512-CRpX21/kGdzjOpFsZSkcrXMGIBWMGNIHXXBVFSH+ggkftxg+XYP20TESbh+zFvFj3EQOl5byk0HTRn1IL6hbqg==

ansi-regex@^6.0.1:
  version "6.0.1"
  resolved "https://registry.npmmirror.com/ansi-regex/-/ansi-regex-6.0.1.tgz#3183e38fae9a65d7cb5e53945cd5897d0260a06a"
  integrity sha512-n5M855fKb2SsfMIiFFoVrABHJC8QtHwVx+mHWP3QcEqBHYienj5dHSgjbxtC0WEZXYt4wcD6zrQElDPhFuZgfA==

asn1@^0.2.4:
  version "0.2.6"
  resolved "https://registry.npmmirror.com/asn1/-/asn1-0.2.6.tgz#0d3a7bb6e64e02a90c0303b31f292868ea09a08d"
  integrity sha512-ix/FxPn0MDjeyJ7i/yoHGFt/EX6LyNbxSEhPPXODPL+KB0VPk86UYfL0lMdy+KCnv+fmvIzySwaK5COwqVbWTQ==
  dependencies:
    safer-buffer "~2.1.0"

balanced-match@^1.0.0:
  version "1.0.2"
  resolved "https://registry.npmmirror.com/balanced-match/-/balanced-match-1.0.2.tgz#e83e3a7e3f300b34cb9d87f615fa0cbf357690ee"
  integrity sha512-3oSeUO0TMV67hN1AmbXsK4yaqU7tjiHlbxRDZOpH0KW9+CeX4bRAaX0Anxt0tx2MrpRpWwQaPwIlISEJhYU5Pw==

base64-js@^1.3.1:
  version "1.5.1"
  resolved "https://registry.npmmirror.com/base64-js/-/base64-js-1.5.1.tgz#1b1b440160a5bf7ad40b650f095963481903930a"
  integrity sha512-AKpaYlHn8t4SVbOHCy+b5+KKgvR4vrsD8vbvrbiQJps7fKDTkjkDry6ji0rUJjC0kzbNePLwzxq8iypo41qeWA==

bcrypt-pbkdf@^1.0.2:
  version "1.0.2"
  resolved "https://registry.npmmirror.com/bcrypt-pbkdf/-/bcrypt-pbkdf-1.0.2.tgz#a4301d389b6a43f9b67ff3ca11a3f6637e360e9e"
  integrity sha512-qeFIXtP4MSoi6NLqO12WfqARWWuCKi2Rn/9hJLEmtB5yTNr9DqFWkJRCf2qShWzPeAMRnOgCrq0sg/KLv5ES9w==
  dependencies:
    tweetnacl "^0.14.3"

bl@^5.0.0:
  version "5.1.0"
  resolved "https://registry.npmmirror.com/bl/-/bl-5.1.0.tgz#183715f678c7188ecef9fe475d90209400624273"
  integrity sha512-tv1ZJHLfTDnXE6tMHv73YgSJaWR2AFuPwMntBe7XL/GBFHnT0CLnsHMogfk5+GzCDC5ZWarSCYaIGATZt9dNsQ==
  dependencies:
    buffer "^6.0.3"
    inherits "^2.0.4"
    readable-stream "^3.4.0"

bluebird@2.x:
  version "2.11.0"
  resolved "https://registry.npmmirror.com/bluebird/-/bluebird-2.11.0.tgz#534b9033c022c9579c56ba3b3e5a5caafbb650e1"
  integrity sha512-UfFSr22dmHPQqPP9XWHRhq+gWnHCYguQGkXQlbyPtW5qTnhFWA8/iXg765tH0cAjy7l/zPJ1aBTO0g5XgA7kvQ==

bluebird@^3.7.2:
  version "3.7.2"
  resolved "https://registry.npmmirror.com/bluebird/-/bluebird-3.7.2.tgz#9f229c15be272454ffa973ace0dbee79a1b0c36f"
  integrity sha512-XpNj6GDQzdfW+r2Wnn7xiSAd7TM3jzkxGXBGTtWKuSXv1xUV+azxAm8jdWZN06QTQk+2N2XB9jRDkvbmQmcRtg==

brace-expansion@^2.0.1:
  version "2.0.1"
  resolved "https://registry.npmmirror.com/brace-expansion/-/brace-expansion-2.0.1.tgz#1edc459e0f0c548486ecf9fc99f2221364b9a0ae"
  integrity sha512-XnAIvQ8eM+kC6aULx6wuQiwVsnzsi9d3WxzV3FpWTGA19F621kwdbsAcFKXgKUHZWsy+mY6iL1sHTxWEFCytDA==
  dependencies:
    balanced-match "^1.0.0"

buffer-from@^1.0.0:
  version "1.1.2"
  resolved "https://registry.npmmirror.com/buffer-from/-/buffer-from-1.1.2.tgz#2b146a6fd72e80b4f55d255f35ed59a3a9a41bd5"
  integrity sha512-E+XQCRwSbaaiChtv6k6Dwgc+bx+Bs6vuKJHHl5kox/BaKbhiXzqQOwK4cO22yElGp2OCmjwVhT3HmxgyPGnJfQ==

buffer@^6.0.3:
  version "6.0.3"
  resolved "https://registry.npmmirror.com/buffer/-/buffer-6.0.3.tgz#2ace578459cc8fbe2a70aaa8f52ee63b6a74c6c6"
  integrity sha512-FTiCpNxtwiZZHEZbcbTIcZjERVICn9yq/pDFkTl95/AxzD1naBctN7YO68riM/gLSDY7sdrMby8hofADYuuqOA==
  dependencies:
    base64-js "^1.3.1"
    ieee754 "^1.2.1"

buildcheck@0.0.3:
  version "0.0.3"
  resolved "https://registry.npmmirror.com/buildcheck/-/buildcheck-0.0.3.tgz#70451897a95d80f7807e68fc412eb2e7e35ff4d5"
  integrity sha512-pziaA+p/wdVImfcbsZLNF32EiWyujlQLwolMqUQE8xpKNOH7KmZQaY8sXN7DGOEzPAElo9QTaeNRfGnf3iOJbA==

chalk@^5.0.0, chalk@^5.1.2:
  version "5.1.2"
  resolved "https://registry.npmmirror.com/chalk/-/chalk-5.1.2.tgz#d957f370038b75ac572471e83be4c5ca9f8e8c45"
  integrity sha512-E5CkT4jWURs1Vy5qGJye+XwCkNj7Od3Af7CP6SujMetSMkLs8Do2RWJK5yx1wamHV/op8Rz+9rltjaTQWDnEFQ==

cli-cursor@^4.0.0:
  version "4.0.0"
  resolved "https://registry.npmmirror.com/cli-cursor/-/cli-cursor-4.0.0.tgz#3cecfe3734bf4fe02a8361cbdc0f6fe28c6a57ea"
  integrity sha512-VGtlMu3x/4DOtIUwEkRezxUZ2lBacNJCHash0N0WeZDBS+7Ux1dm3XWAgWYxLJFMMdOeXMHXorshEFhbMSGelg==
  dependencies:
    restore-cursor "^4.0.0"

cli-spinners@^2.6.1:
  version "2.7.0"
  resolved "https://registry.npmmirror.com/cli-spinners/-/cli-spinners-2.7.0.tgz#f815fd30b5f9eaac02db604c7a231ed7cb2f797a"
  integrity sha512-qu3pN8Y3qHNgE2AFweciB1IfMnmZ/fsNTEE+NOFjmGB2F/7rLhnhzppvpCnN4FovtP26k8lHyy9ptEbNwWFLzw==

clone@^1.0.2:
  version "1.0.4"
  resolved "https://registry.npmmirror.com/clone/-/clone-1.0.4.tgz#da309cc263df15994c688ca902179ca3c7cd7c7e"
  integrity sha512-JQHZ2QMW6l3aH/j6xCqQThY/9OH4D/9ls34cgkUBiEeocRTU04tHfKPBsUK1PqZCUQM7GiA0IIXJSuXHI64Kbg==

concat-stream@^2.0.0:
  version "2.0.0"
  resolved "https://registry.npmmirror.com/concat-stream/-/concat-stream-2.0.0.tgz#414cf5af790a48c60ab9be4527d56d5e41133cb1"
  integrity sha512-MWufYdFw53ccGjCA+Ol7XJYpAlW6/prSMzuPOTRnJGcGzuhLn4Scrz7qf6o8bROZ514ltazcIFJZevcfbo0x7A==
  dependencies:
    buffer-from "^1.0.0"
    inherits "^2.0.3"
    readable-stream "^3.0.2"
    typedarray "^0.0.6"

core-util-is@~1.0.0:
  version "1.0.3"
  resolved "https://registry.npmmirror.com/core-util-is/-/core-util-is-1.0.3.tgz#a6042d3634c2b27e9328f837b965fac83808db85"
  integrity sha512-ZQBvi1DcpJ4GDqanjucZ2Hj3wEO5pZDS89BWbkcrvdxksJorwUDDZamX9ldFkp9aw2lmBDLgkObEA4DWNJ9FYQ==

cpu-features@~0.0.4:
  version "0.0.4"
  resolved "https://registry.npmmirror.com/cpu-features/-/cpu-features-0.0.4.tgz#0023475bb4f4c525869c162e4108099e35bf19d8"
  integrity sha512-fKiZ/zp1mUwQbnzb9IghXtHtDoTMtNeb8oYGx6kX2SYfhnG0HNdBEBIzB9b5KlXu5DQPhfy3mInbBxFcgwAr3A==
  dependencies:
    buildcheck "0.0.3"
    nan "^2.15.0"

defaults@^1.0.3:
  version "1.0.4"
  resolved "https://registry.npmmirror.com/defaults/-/defaults-1.0.4.tgz#b0b02062c1e2aa62ff5d9528f0f98baa90978d7a"
  integrity sha512-eFuaLoy/Rxalv2kr+lqMlUnrDWV+3j4pljOIJgLIhI058IQfWJ7vXhyEIHu+HtC738klGALYxOKDO0bQP3tg8A==
  dependencies:
    clone "^1.0.2"

err-code@^2.0.2:
  version "2.0.3"
  resolved "https://registry.npmmirror.com/err-code/-/err-code-2.0.3.tgz#23c2f3b756ffdfc608d30e27c9a941024807e7f9"
  integrity sha512-2bmlRpNKBxT/CRmPOlyISQpNj+qSeYvcym/uT0Jx2bMOlKLtSy1ZmLuVxSEKKyor/N5yhvp/ZiG1oE3DEYMSFA==

esbuild-android-64@0.15.13:
  version "0.15.13"
  resolved "https://registry.npmmirror.com/esbuild-android-64/-/esbuild-android-64-0.15.13.tgz#5f25864055dbd62e250f360b38b4c382224063af"
  integrity sha512-yRorukXBlokwTip+Sy4MYskLhJsO0Kn0/Fj43s1krVblfwP+hMD37a4Wmg139GEsMLl+vh8WXp2mq/cTA9J97g==

esbuild-android-arm64@0.15.13:
  version "0.15.13"
  resolved "https://registry.npmmirror.com/esbuild-android-arm64/-/esbuild-android-arm64-0.15.13.tgz#d8820f999314efbe8e0f050653a99ff2da632b0f"
  integrity sha512-TKzyymLD6PiVeyYa4c5wdPw87BeAiTXNtK6amWUcXZxkV51gOk5u5qzmDaYSwiWeecSNHamFsaFjLoi32QR5/w==

esbuild-darwin-64@0.15.13:
  version "0.15.13"
  resolved "https://registry.npmmirror.com/esbuild-darwin-64/-/esbuild-darwin-64-0.15.13.tgz#99ae7fdaa43947b06cd9d1a1c3c2c9f245d81fd0"
  integrity sha512-WAx7c2DaOS6CrRcoYCgXgkXDliLnFv3pQLV6GeW1YcGEZq2Gnl8s9Pg7ahValZkpOa0iE/ojRVQ87sbUhF1Cbg==

esbuild-darwin-arm64@0.15.13:
  version "0.15.13"
  resolved "https://registry.npmmirror.com/esbuild-darwin-arm64/-/esbuild-darwin-arm64-0.15.13.tgz#bafa1814354ad1a47adcad73de416130ef7f55e3"
  integrity sha512-U6jFsPfSSxC3V1CLiQqwvDuj3GGrtQNB3P3nNC3+q99EKf94UGpsG9l4CQ83zBs1NHrk1rtCSYT0+KfK5LsD8A==

esbuild-freebsd-64@0.15.13:
  version "0.15.13"
  resolved "https://registry.npmmirror.com/esbuild-freebsd-64/-/esbuild-freebsd-64-0.15.13.tgz#84ef85535c5cc38b627d1c5115623b088d1de161"
  integrity sha512-whItJgDiOXaDG/idy75qqevIpZjnReZkMGCgQaBWZuKHoElDJC1rh7MpoUgupMcdfOd+PgdEwNQW9DAE6i8wyA==

esbuild-freebsd-arm64@0.15.13:
  version "0.15.13"
  resolved "https://registry.npmmirror.com/esbuild-freebsd-arm64/-/esbuild-freebsd-arm64-0.15.13.tgz#033f21de434ec8e0c478054b119af8056763c2d8"
  integrity sha512-6pCSWt8mLUbPtygv7cufV0sZLeylaMwS5Fznj6Rsx9G2AJJsAjQ9ifA+0rQEIg7DwJmi9it+WjzNTEAzzdoM3Q==

esbuild-linux-32@0.15.13:
  version "0.15.13"
  resolved "https://registry.npmmirror.com/esbuild-linux-32/-/esbuild-linux-32-0.15.13.tgz#54290ea8035cba0faf1791ce9ae6693005512535"
  integrity sha512-VbZdWOEdrJiYApm2kkxoTOgsoCO1krBZ3quHdYk3g3ivWaMwNIVPIfEE0f0XQQ0u5pJtBsnk2/7OPiCFIPOe/w==

esbuild-linux-64@0.15.13:
  version "0.15.13"
  resolved "https://registry.npmmirror.com/esbuild-linux-64/-/esbuild-linux-64-0.15.13.tgz#4264249281ea388ead948614b57fb1ddf7779a2c"
  integrity sha512-rXmnArVNio6yANSqDQlIO4WiP+Cv7+9EuAHNnag7rByAqFVuRusLbGi2697A5dFPNXoO//IiogVwi3AdcfPC6A==

esbuild-linux-arm64@0.15.13:
  version "0.15.13"
  resolved "https://registry.npmmirror.com/esbuild-linux-arm64/-/esbuild-linux-arm64-0.15.13.tgz#9323c333924f97a02bdd2ae8912b36298acb312d"
  integrity sha512-alEMGU4Z+d17U7KQQw2IV8tQycO6T+rOrgW8OS22Ua25x6kHxoG6Ngry6Aq6uranC+pNWNMB6aHFPh7aTQdORQ==

esbuild-linux-arm@0.15.13:
  version "0.15.13"
  resolved "https://registry.npmmirror.com/esbuild-linux-arm/-/esbuild-linux-arm-0.15.13.tgz#b407f47b3ae721fe4e00e19e9f19289bef87a111"
  integrity sha512-Ac6LpfmJO8WhCMQmO253xX2IU2B3wPDbl4IvR0hnqcPrdfCaUa2j/lLMGTjmQ4W5JsJIdHEdW12dG8lFS0MbxQ==

esbuild-linux-mips64le@0.15.13:
  version "0.15.13"
  resolved "https://registry.npmmirror.com/esbuild-linux-mips64le/-/esbuild-linux-mips64le-0.15.13.tgz#bdf905aae5c0bcaa8f83567fe4c4c1bdc1f14447"
  integrity sha512-47PgmyYEu+yN5rD/MbwS6DxP2FSGPo4Uxg5LwIdxTiyGC2XKwHhHyW7YYEDlSuXLQXEdTO7mYe8zQ74czP7W8A==

esbuild-linux-ppc64le@0.15.13:
  version "0.15.13"
  resolved "https://registry.npmmirror.com/esbuild-linux-ppc64le/-/esbuild-linux-ppc64le-0.15.13.tgz#2911eae1c90ff58a3bd3259cb557235df25aa3b4"
  integrity sha512-z6n28h2+PC1Ayle9DjKoBRcx/4cxHoOa2e689e2aDJSaKug3jXcQw7mM+GLg+9ydYoNzj8QxNL8ihOv/OnezhA==

esbuild-linux-riscv64@0.15.13:
  version "0.15.13"
  resolved "https://registry.npmmirror.com/esbuild-linux-riscv64/-/esbuild-linux-riscv64-0.15.13.tgz#1837c660be12b1d20d2a29c7189ea703f93e9265"
  integrity sha512-+Lu4zuuXuQhgLUGyZloWCqTslcCAjMZH1k3Xc9MSEJEpEFdpsSU0sRDXAnk18FKOfEjhu4YMGaykx9xjtpA6ow==

esbuild-linux-s390x@0.15.13:
  version "0.15.13"
  resolved "https://registry.npmmirror.com/esbuild-linux-s390x/-/esbuild-linux-s390x-0.15.13.tgz#d52880ece229d1bd10b2d936b792914ffb07c7fc"
  integrity sha512-BMeXRljruf7J0TMxD5CIXS65y7puiZkAh+s4XFV9qy16SxOuMhxhVIXYLnbdfLrsYGFzx7U9mcdpFWkkvy/Uag==

esbuild-netbsd-64@0.15.13:
  version "0.15.13"
  resolved "https://registry.npmmirror.com/esbuild-netbsd-64/-/esbuild-netbsd-64-0.15.13.tgz#de14da46f1d20352b43e15d97a80a8788275e6ed"
  integrity sha512-EHj9QZOTel581JPj7UO3xYbltFTYnHy+SIqJVq6yd3KkCrsHRbapiPb0Lx3EOOtybBEE9EyqbmfW1NlSDsSzvQ==

esbuild-openbsd-64@0.15.13:
  version "0.15.13"
  resolved "https://registry.npmmirror.com/esbuild-openbsd-64/-/esbuild-openbsd-64-0.15.13.tgz#45e8a5fd74d92ad8f732c43582369c7990f5a0ac"
  integrity sha512-nkuDlIjF/sfUhfx8SKq0+U+Fgx5K9JcPq1mUodnxI0x4kBdCv46rOGWbuJ6eof2n3wdoCLccOoJAbg9ba/bT2w==

esbuild-sunos-64@0.15.13:
  version "0.15.13"
  resolved "https://registry.npmmirror.com/esbuild-sunos-64/-/esbuild-sunos-64-0.15.13.tgz#f646ac3da7aac521ee0fdbc192750c87da697806"
  integrity sha512-jVeu2GfxZQ++6lRdY43CS0Tm/r4WuQQ0Pdsrxbw+aOrHQPHV0+LNOLnvbN28M7BSUGnJnHkHm2HozGgNGyeIRw==

esbuild-windows-32@0.15.13:
  version "0.15.13"
  resolved "https://registry.npmmirror.com/esbuild-windows-32/-/esbuild-windows-32-0.15.13.tgz#fb4fe77c7591418880b3c9b5900adc4c094f2401"
  integrity sha512-XoF2iBf0wnqo16SDq+aDGi/+QbaLFpkiRarPVssMh9KYbFNCqPLlGAWwDvxEVz+ywX6Si37J2AKm+AXq1kC0JA==

esbuild-windows-64@0.15.13:
  version "0.15.13"
  resolved "https://registry.npmmirror.com/esbuild-windows-64/-/esbuild-windows-64-0.15.13.tgz#1fca8c654392c0c31bdaaed168becfea80e20660"
  integrity sha512-Et6htEfGycjDrtqb2ng6nT+baesZPYQIW+HUEHK4D1ncggNrDNk3yoboYQ5KtiVrw/JaDMNttz8rrPubV/fvPQ==

esbuild-windows-arm64@0.15.13:
  version "0.15.13"
  resolved "https://registry.npmmirror.com/esbuild-windows-arm64/-/esbuild-windows-arm64-0.15.13.tgz#4ffd01b6b2888603f1584a2fe96b1f6a6f2b3dd8"
  integrity sha512-3bv7tqntThQC9SWLRouMDmZnlOukBhOCTlkzNqzGCmrkCJI7io5LLjwJBOVY6kOUlIvdxbooNZwjtBvj+7uuVg==

esbuild@^0.15.9:
  version "0.15.13"
  resolved "https://registry.npmmirror.com/esbuild/-/esbuild-0.15.13.tgz#7293480038feb2bafa91d3f6a20edab3ba6c108a"
  integrity sha512-Cu3SC84oyzzhrK/YyN4iEVy2jZu5t2fz66HEOShHURcjSkOSAVL8C/gfUT+lDJxkVHpg8GZ10DD0rMHRPqMFaQ==
  optionalDependencies:
    "@esbuild/android-arm" "0.15.13"
    "@esbuild/linux-loong64" "0.15.13"
    esbuild-android-64 "0.15.13"
    esbuild-android-arm64 "0.15.13"
    esbuild-darwin-64 "0.15.13"
    esbuild-darwin-arm64 "0.15.13"
    esbuild-freebsd-64 "0.15.13"
    esbuild-freebsd-arm64 "0.15.13"
    esbuild-linux-32 "0.15.13"
    esbuild-linux-64 "0.15.13"
    esbuild-linux-arm "0.15.13"
    esbuild-linux-arm64 "0.15.13"
    esbuild-linux-mips64le "0.15.13"
    esbuild-linux-ppc64le "0.15.13"
    esbuild-linux-riscv64 "0.15.13"
    esbuild-linux-s390x "0.15.13"
    esbuild-netbsd-64 "0.15.13"
    esbuild-openbsd-64 "0.15.13"
    esbuild-sunos-64 "0.15.13"
    esbuild-windows-32 "0.15.13"
    esbuild-windows-64 "0.15.13"
    esbuild-windows-arm64 "0.15.13"

fsevents@~2.3.2:
  version "2.3.2"
  resolved "https://registry.npmmirror.com/fsevents/-/fsevents-2.3.2.tgz#8a526f78b8fdf4623b709e0b975c52c24c02fd1a"
  integrity sha512-xiqMQR4xAeHTuB9uWm+fFRcIOgKBMiOBP+eXiyT7jsgVCq1bkVygt00oASowB7EdtpOHaaPgKt812P9ab+DDKA==

ftp-deploy@^2.4.3:
  version "2.4.3"
  resolved "https://registry.npmmirror.com/ftp-deploy/-/ftp-deploy-2.4.3.tgz#35282429261c967d48b1333c0e143ed28144e691"
  integrity sha512-YDO61ElPnzp1wGQN8CR0Kg2bdslmoFC7YSz5fKe/u0ug9d3+eSmJcovwfQ3ypObc8DwkeUiNTCTmZGQdid6XgA==
  dependencies:
    bluebird "^3.7.2"
    minimatch "5.0.1"
    promise-ftp "^1.3.5"
    read "^1.0.7"
    ssh2-sftp-client "^7.2.1"
    upath "^2.0.1"

function-bind@^1.1.1:
  version "1.1.1"
  resolved "https://registry.npmmirror.com/function-bind/-/function-bind-1.1.1.tgz#a56899d3ea3c9bab874bb9773b7c5ede92f4895d"
  integrity sha512-yIovAzMX49sF8Yl58fSCWJ5svSLuaibPxXQJFLmBObTuCr0Mf1KiPopGM9NiFjiYBCbfaa2Fh6breQ6ANVTI0A==

has@^1.0.3:
  version "1.0.3"
  resolved "https://registry.npmmirror.com/has/-/has-1.0.3.tgz#722d7cbfc1f6aa8241f16dd814e011e1f41e8796"
  integrity sha512-f2dvO0VU6Oej7RkWJGrehjbzMAjFp5/VKPp5tTpWIV4JHHZK1/BxbFRtf/siA2SWTe09caDmVtYYzWEIbBS4zw==
  dependencies:
    function-bind "^1.1.1"

ieee754@^1.2.1:
  version "1.2.1"
  resolved "https://registry.npmmirror.com/ieee754/-/ieee754-1.2.1.tgz#8eb7a10a63fff25d15a57b001586d177d1b0d352"
  integrity sha512-dcyqhDvX1C46lXZcVqCpK+FtMRQVdIMN6/Df5js2zouUsqG7I6sFxitIC+7KYK29KdXOLHdu9zL4sFnoVQnqaA==

inherits@^2.0.3, inherits@^2.0.4, inherits@~2.0.1:
  version "2.0.4"
  resolved "https://registry.npmmirror.com/inherits/-/inherits-2.0.4.tgz#0fa2c64f932917c3433a0ded55363aae37416b7c"
  integrity sha512-k/vGaX4/Yla3WzyMCvTQOXYeIHvqOKtnqBduzTHpzpQZzAskKMhZ2K+EnBiSM9zGSoIFeMpXKxa4dYeZIQqewQ==

is-core-module@^2.9.0:
  version "2.11.0"
  resolved "https://registry.npmmirror.com/is-core-module/-/is-core-module-2.11.0.tgz#ad4cb3e3863e814523c96f3f58d26cc570ff0144"
  integrity sha512-RRjxlvLDkD1YJwDbroBHMb+cukurkDWNyHx7D3oNB5x9rb5ogcksMC5wHCadcXoo67gVr/+3GFySh3134zi6rw==
  dependencies:
    has "^1.0.3"

is-interactive@^2.0.0:
  version "2.0.0"
  resolved "https://registry.npmmirror.com/is-interactive/-/is-interactive-2.0.0.tgz#40c57614593826da1100ade6059778d597f16e90"
  integrity sha512-qP1vozQRI+BMOPcjFzrjXuQvdak2pHNUMZoeG2eRbiSqyvbEf/wQtEOTOX1guk6E3t36RkaqiSt8A/6YElNxLQ==

is-unicode-supported@^1.1.0:
  version "1.3.0"
  resolved "https://registry.npmmirror.com/is-unicode-supported/-/is-unicode-supported-1.3.0.tgz#d824984b616c292a2e198207d4a609983842f714"
  integrity sha512-43r2mRvz+8JRIKnWJ+3j8JtjRKZ6GmjzfaE/qiBJnikNnYv/6bagRJ1kUhNk8R5EX/GkobD+r+sfxCPJsiKBLQ==

isarray@0.0.1:
  version "0.0.1"
  resolved "https://registry.npmmirror.com/isarray/-/isarray-0.0.1.tgz#8a18acfca9a8f4177e09abfc6038939b05d1eedf"
  integrity sha512-D2S+3GLxWH+uhrNEcoh/fnmYeP8E8/zHl644d/jdA0g2uyXvy3sb0qxotE+ne0LtccHknQzWwZEzhak7oJ0COQ==

log-symbols@^5.1.0:
  version "5.1.0"
  resolved "https://registry.npmmirror.com/log-symbols/-/log-symbols-5.1.0.tgz#a20e3b9a5f53fac6aeb8e2bb22c07cf2c8f16d93"
  integrity sha512-l0x2DvrW294C9uDCoQe1VSU4gf529FkSZ6leBl4TiqZH/e+0R7hSfHQBNut2mNygDgHwvYHfFLn6Oxb3VWj2rA==
  dependencies:
    chalk "^5.0.0"
    is-unicode-supported "^1.1.0"

mimic-fn@^2.1.0:
  version "2.1.0"
  resolved "https://registry.npmmirror.com/mimic-fn/-/mimic-fn-2.1.0.tgz#7ed2c2ccccaf84d3ffcb7a69b57711fc2083401b"
  integrity sha512-OqbOk5oEQeAZ8WXWydlu9HJjz9WVdEIvamMCcXmuqUYjTknH/sqsWvhQ3vgwKFRR1HpjvNBKQ37nbJgYzGqGcg==

minimatch@5.0.1:
  version "5.0.1"
  resolved "https://registry.npmmirror.com/minimatch/-/minimatch-5.0.1.tgz#fb9022f7528125187c92bd9e9b6366be1cf3415b"
  integrity sha512-nLDxIFRyhDblz3qMuq+SoRZED4+miJ/G+tdDrjkkkRnjAsBexeGpgjLEQ0blJy7rHhR2b93rhQY4SvyWu9v03g==
  dependencies:
    brace-expansion "^2.0.1"

mute-stream@~0.0.4:
  version "0.0.8"
  resolved "https://registry.npmmirror.com/mute-stream/-/mute-stream-0.0.8.tgz#1630c42b2251ff81e2a283de96a5497ea92e5e0d"
  integrity sha512-nnbWWOkoWyUsTjKrhgD0dcz22mdkSnpYqbEjIm2nhwhuxlSkpywJmBo8h0ZqJdkp73mb90SssHkN4rsRaBAfAA==

nan@^2.15.0, nan@^2.16.0:
  version "2.17.0"
  resolved "https://registry.npmmirror.com/nan/-/nan-2.17.0.tgz#c0150a2368a182f033e9aa5195ec76ea41a199cb"
  integrity sha512-2ZTgtl0nJsO0KQCjEpxcIr5D+Yv90plTitZt9JBfQvVJDS5seMl3FOvsh3+9CoYWXf/1l5OaZzzF6nDm4cagaQ==

nanoid@^3.3.4:
  version "3.3.4"
  resolved "https://registry.npmmirror.com/nanoid/-/nanoid-3.3.4.tgz#730b67e3cd09e2deacf03c027c81c9d9dbc5e8ab"
  integrity sha512-MqBkQh/OHTS2egovRtLk45wEyNXwF+cokD+1YPf9u5VfJiRdAiRwB2froX5Co9Rh20xs4siNPm8naNotSD6RBw==

onetime@^5.1.0:
  version "5.1.2"
  resolved "https://registry.npmmirror.com/onetime/-/onetime-5.1.2.tgz#d0e96ebb56b07476df1dd9c4806e5237985ca45e"
  integrity sha512-kbpaSSGJTWdAY5KPVeMOKXSrPtr8C8C7wodJbcsd51jRnmD+GZu8Y0VoU6Dm5Z4vWr0Ig/1NKuWRKf7j5aaYSg==
  dependencies:
    mimic-fn "^2.1.0"

ora@^6.1.2:
  version "6.1.2"
  resolved "https://registry.npmmirror.com/ora/-/ora-6.1.2.tgz#7b3c1356b42fd90fb1dad043d5dbe649388a0bf5"
  integrity sha512-EJQ3NiP5Xo94wJXIzAyOtSb0QEIAUu7m8t6UZ9krbz0vAJqr92JpcK/lEXg91q6B9pEGqrykkd2EQplnifDSBw==
  dependencies:
    bl "^5.0.0"
    chalk "^5.0.0"
    cli-cursor "^4.0.0"
    cli-spinners "^2.6.1"
    is-interactive "^2.0.0"
    is-unicode-supported "^1.1.0"
    log-symbols "^5.1.0"
    strip-ansi "^7.0.1"
    wcwidth "^1.0.1"

path-parse@^1.0.7:
  version "1.0.7"
  resolved "https://registry.npmmirror.com/path-parse/-/path-parse-1.0.7.tgz#fbc114b60ca42b30d9daf5858e4bd68bbedb6735"
  integrity sha512-LDJzPVEEEPR+y48z93A0Ed0yXb8pAByGWo/k5YYdYgpY2/2EsOsksJrq7lOHxryrVOn1ejG6oAp8ahvOIQD8sw==

picocolors@^1.0.0:
  version "1.0.0"
  resolved "https://registry.npmmirror.com/picocolors/-/picocolors-1.0.0.tgz#cb5bdc74ff3f51892236eaf79d68bc44564ab81c"
  integrity sha512-1fygroTLlHu66zi26VoTDv8yRgm0Fccecssto+MhsZ0D/DGW2sm8E8AjW7NU5VVTRt5GxbeZ5qBuJr+HyLYkjQ==

postcss@^8.4.18:
  version "8.4.18"
  resolved "https://registry.npmmirror.com/postcss/-/postcss-8.4.18.tgz#6d50046ea7d3d66a85e0e782074e7203bc7fbca2"
  integrity sha512-Wi8mWhncLJm11GATDaQKobXSNEYGUHeQLiQqDFG1qQ5UTDPTEvKw0Xt5NsTpktGTwLps3ByrWsBrG0rB8YQ9oA==
  dependencies:
    nanoid "^3.3.4"
    picocolors "^1.0.0"
    source-map-js "^1.0.2"

promise-ftp-common@^1.1.5:
  version "1.1.5"
  resolved "https://registry.npmmirror.com/promise-ftp-common/-/promise-ftp-common-1.1.5.tgz#b4f8082a74035647703506763edb14230d9865da"
  integrity sha512-a84F/zM2Z0Ry/ht3nXfV6Ze7BISOQlWrct/YObrluJn8qy2LVeeQ+IJ7jD4bkmM0N2xfXYy5nurz4L1KEj+rJg==

promise-ftp@^1.3.5:
  version "1.3.5"
  resolved "https://registry.npmmirror.com/promise-ftp/-/promise-ftp-1.3.5.tgz#ecfa4a5e5b779a6bfdd4dd3096957b58286f5104"
  integrity sha512-v368jPSqzmjjKDIyggulC+dRFcpAOEX7aFdEWkFYQp8Ao3P2N4Y6XnFFdKgK7PtkylwvGQkZR/65HZuzmq0V7A==
  dependencies:
    "@icetee/ftp" "^0.3.15"
    bluebird "2.x"
    promise-ftp-common "^1.1.5"

promise-retry@^2.0.1:
  version "2.0.1"
  resolved "https://registry.npmmirror.com/promise-retry/-/promise-retry-2.0.1.tgz#ff747a13620ab57ba688f5fc67855410c370da22"
  integrity sha512-y+WKFlBR8BGXnsNlIHFGPZmyDf3DFMoLhaflAnyZgV6rG6xu+JwesTo2Q9R6XwYmtmwAFCkAk3e35jEdoeh/3g==
  dependencies:
    err-code "^2.0.2"
    retry "^0.12.0"

read@^1.0.7:
  version "1.0.7"
  resolved "https://registry.npmmirror.com/read/-/read-1.0.7.tgz#b3da19bd052431a97671d44a42634adf710b40c4"
  integrity sha512-rSOKNYUmaxy0om1BNjMN4ezNT6VKK+2xF4GBhc81mkH7L60i6dp8qPYrkndNLT3QPphoII3maL9PVC9XmhHwVQ==
  dependencies:
    mute-stream "~0.0.4"

readable-stream@1.1.x:
  version "1.1.14"
  resolved "https://registry.npmmirror.com/readable-stream/-/readable-stream-1.1.14.tgz#7cf4c54ef648e3813084c636dd2079e166c081d9"
  integrity sha512-+MeVjFf4L44XUkhM1eYbD8fyEsxcV81pqMSR5gblfcLCHfZvbrqy4/qYHE+/R5HoBUT11WV5O08Cr1n3YXkWVQ==
  dependencies:
    core-util-is "~1.0.0"
    inherits "~2.0.1"
    isarray "0.0.1"
    string_decoder "~0.10.x"

readable-stream@^3.0.2, readable-stream@^3.4.0:
  version "3.6.0"
  resolved "https://registry.npmmirror.com/readable-stream/-/readable-stream-3.6.0.tgz#337bbda3adc0706bd3e024426a286d4b4b2c9198"
  integrity sha512-BViHy7LKeTz4oNnkcLJ+lVSL6vpiFeX6/d3oSH8zCW7UxP2onchk+vTGB143xuFjHS3deTgkKoXXymXqymiIdA==
  dependencies:
    inherits "^2.0.3"
    string_decoder "^1.1.1"
    util-deprecate "^1.0.1"

resolve@^1.22.1:
  version "1.22.1"
  resolved "https://registry.npmmirror.com/resolve/-/resolve-1.22.1.tgz#27cb2ebb53f91abb49470a928bba7558066ac177"
  integrity sha512-nBpuuYuY5jFsli/JIs1oldw6fOQCBioohqWZg/2hiaOybXOft4lonv85uDOKXdf8rhyK159cxU5cDcK/NKk8zw==
  dependencies:
    is-core-module "^2.9.0"
    path-parse "^1.0.7"
    supports-preserve-symlinks-flag "^1.0.0"

restore-cursor@^4.0.0:
  version "4.0.0"
  resolved "https://registry.npmmirror.com/restore-cursor/-/restore-cursor-4.0.0.tgz#519560a4318975096def6e609d44100edaa4ccb9"
  integrity sha512-I9fPXU9geO9bHOt9pHHOhOkYerIMsmVaWB0rA2AI9ERh/+x/i7MV5HKBNrg+ljO5eoPVgCcnFuRjJ9uH6I/3eg==
  dependencies:
    onetime "^5.1.0"
    signal-exit "^3.0.2"

retry@^0.12.0:
  version "0.12.0"
  resolved "https://registry.npmmirror.com/retry/-/retry-0.12.0.tgz#1b42a6266a21f07421d1b0b54b7dc167b01c013b"
  integrity sha512-9LkiTwjUh6rT555DtE9rTX+BKByPfrMzEAtnlEtdEwr3Nkffwiihqe2bWADg+OQRjt9gl6ICdmB/ZFDCGAtSow==

rollup@^2.79.1:
  version "2.79.1"
  resolved "https://registry.npmmirror.com/rollup/-/rollup-2.79.1.tgz#bedee8faef7c9f93a2647ac0108748f497f081c7"
  integrity sha512-uKxbd0IhMZOhjAiD5oAFp7BqvkA4Dv47qpOCtaNvng4HBwdbWtdOh8f5nZNuk2rp51PMGk3bzfWu5oayNEuYnw==
  optionalDependencies:
    fsevents "~2.3.2"

safe-buffer@~5.2.0:
  version "5.2.1"
  resolved "https://registry.npmmirror.com/safe-buffer/-/safe-buffer-5.2.1.tgz#1eaf9fa9bdb1fdd4ec75f58f9cdb4e6b7827eec6"
  integrity sha512-rp3So07KcdmmKbGvgaNxQSJr7bGVSVk5S9Eq1F+ppbRo70+YeaDxkw5Dd8NPN+GD6bjnYm2VuPuCXmpuYvmCXQ==

safer-buffer@~2.1.0:
  version "2.1.2"
  resolved "https://registry.npmmirror.com/safer-buffer/-/safer-buffer-2.1.2.tgz#44fa161b0187b9549dd84bb91802f9bd8385cd6a"
  integrity sha512-YZo3K82SD7Riyi0E1EQPojLz7kpepnSQI9IyPbHHg1XXXevb5dJI7tpyN2ADxGcQbHG7vcyRHk0cbwqcQriUtg==

signal-exit@^3.0.2:
  version "3.0.7"
  resolved "https://registry.npmmirror.com/signal-exit/-/signal-exit-3.0.7.tgz#a9a1767f8af84155114eaabd73f99273c8f59ad9"
  integrity sha512-wnD2ZE+l+SPC/uoS0vXeE9L1+0wuaMqKlfz9AMUo38JsyLSBWSFcHR1Rri62LZc12vLr1gb3jl7iwQhgwpAbGQ==

source-map-js@^1.0.2:
  version "1.0.2"
  resolved "https://registry.npmmirror.com/source-map-js/-/source-map-js-1.0.2.tgz#adbc361d9c62df380125e7f161f71c826f1e490c"
  integrity sha512-R0XvVJ9WusLiqTCEiGCmICCMplcCkIwwR11mOSD9CR5u+IXYdiseeEuXCVAjS54zqwkLcPNnmU4OeJ6tUrWhDw==

ssh2-sftp-client@^7.2.1:
  version "7.2.3"
  resolved "https://registry.npmmirror.com/ssh2-sftp-client/-/ssh2-sftp-client-7.2.3.tgz#b6533cb1202bb547dc3cfb53afb61ae60bde976a"
  integrity sha512-Bmq4Uewu3e0XOwu5bnPbiS5KRQYv+dff5H6+85V4GZrPrt0Fkt1nUH+uXanyAkoNxUpzjnAPEEoLdOaBO9c3xw==
  dependencies:
    concat-stream "^2.0.0"
    promise-retry "^2.0.1"
    ssh2 "^1.8.0"

ssh2@^1.8.0:
  version "1.11.0"
  resolved "https://registry.npmmirror.com/ssh2/-/ssh2-1.11.0.tgz#ce60186216971e12f6deb553dcf82322498fe2e4"
  integrity sha512-nfg0wZWGSsfUe/IBJkXVll3PEZ//YH2guww+mP88gTpuSU4FtZN7zu9JoeTGOyCNx2dTDtT9fOpWwlzyj4uOOw==
  dependencies:
    asn1 "^0.2.4"
    bcrypt-pbkdf "^1.0.2"
  optionalDependencies:
    cpu-features "~0.0.4"
    nan "^2.16.0"

string_decoder@^1.1.1:
  version "1.3.0"
  resolved "https://registry.npmmirror.com/string_decoder/-/string_decoder-1.3.0.tgz#42f114594a46cf1a8e30b0a84f56c78c3edac21e"
  integrity sha512-hkRX8U1WjJFd8LsDJ2yQ/wWWxaopEsABU1XfkM8A+j0+85JAGppt16cr1Whg6KIbb4okU6Mql6BOj+uup/wKeA==
  dependencies:
    safe-buffer "~5.2.0"

string_decoder@~0.10.x:
  version "0.10.31"
  resolved "https://registry.npmmirror.com/string_decoder/-/string_decoder-0.10.31.tgz#62e203bc41766c6c28c9fc84301dab1c5310fa94"
  integrity sha512-ev2QzSzWPYmy9GuqfIVildA4OdcGLeFZQrq5ys6RtiuF+RQQiZWr8TZNyAcuVXyQRYfEO+MsoB/1BuQVhOJuoQ==

strip-ansi@^7.0.1:
  version "7.0.1"
  resolved "https://registry.npmmirror.com/strip-ansi/-/strip-ansi-7.0.1.tgz#61740a08ce36b61e50e65653f07060d000975fb2"
  integrity sha512-cXNxvT8dFNRVfhVME3JAe98mkXDYN2O1l7jmcwMnOslDeESg1rF/OZMtK0nRAhiari1unG5cD4jG3rapUAkLbw==
  dependencies:
    ansi-regex "^6.0.1"

supports-preserve-symlinks-flag@^1.0.0:
  version "1.0.0"
  resolved "https://registry.npmmirror.com/supports-preserve-symlinks-flag/-/supports-preserve-symlinks-flag-1.0.0.tgz#6eda4bd344a3c94aea376d4cc31bc77311039e09"
  integrity sha512-ot0WnXS9fgdkgIcePe6RHNk1WA8+muPa6cSjeR3V8K27q9BB1rTE3R1p7Hv0z1ZyAc8s6Vvv8DIyWf681MAt0w==

tweetnacl@^0.14.3:
  version "0.14.5"
  resolved "https://registry.npmmirror.com/tweetnacl/-/tweetnacl-0.14.5.tgz#5ae68177f192d4456269d108afa93ff8743f4f64"
  integrity sha512-KXXFFdAbFXY4geFIwoyNK+f5Z1b7swfXABfL7HXCmoIWMKU3dmS26672A4EeQtDzLKy7SXmfBu51JolvEKwtGA==

typedarray@^0.0.6:
  version "0.0.6"
  resolved "https://registry.npmmirror.com/typedarray/-/typedarray-0.0.6.tgz#867ac74e3864187b1d3d47d996a78ec5c8830777"
  integrity sha512-/aCDEGatGvZ2BIk+HmLf4ifCJFwvKFNb9/JeZPMulfgFracn9QFcAf5GO8B/mweUjSoblS5In0cWhqpfs/5PQA==

typescript@^4.8.4:
  version "4.8.4"
  resolved "https://registry.npmmirror.com/typescript/-/typescript-4.8.4.tgz#c464abca159669597be5f96b8943500b238e60e6"
  integrity sha512-QCh+85mCy+h0IGff8r5XWzOVSbBO+KfeYrMQh7NJ58QujwcE22u+NUSmUxqF+un70P9GXKxa2HCNiTTMJknyjQ==

upath@^2.0.1:
  version "2.0.1"
  resolved "https://registry.npmmirror.com/upath/-/upath-2.0.1.tgz#50c73dea68d6f6b990f51d279ce6081665d61a8b"
  integrity sha512-1uEe95xksV1O0CYKXo8vQvN1JEbtJp7lb7C5U9HMsIp6IVwntkH/oNUzyVNQSd4S1sYk2FpSSW44FqMc8qee5w==

util-deprecate@^1.0.1:
  version "1.0.2"
  resolved "https://registry.npmmirror.com/util-deprecate/-/util-deprecate-1.0.2.tgz#450d4dc9fa70de732762fbd2d4a28981419a0ccf"
  integrity sha512-EPD5q1uXyFxJpCrLnCc1nHnq3gOa6DZBocAIiI2TaSCA7VCJ1UJDMagCzIkXNsUYfD1daK//LTEQ8xiIbrHtcw==

vite@^3.2.3:
  version "3.2.3"
  resolved "https://registry.npmmirror.com/vite/-/vite-3.2.3.tgz#7a68d9ef73eff7ee6dc0718ad3507adfc86944a7"
  integrity sha512-h8jl1TZ76eGs3o2dIBSsvXDLb1m/Ec1iej8ZMdz+PsaFUsftZeWe2CZOI3qogEsMNaywc17gu0q6cQDzh/weCQ==
  dependencies:
    esbuild "^0.15.9"
    postcss "^8.4.18"
    resolve "^1.22.1"
    rollup "^2.79.1"
  optionalDependencies:
    fsevents "~2.3.2"

wcwidth@^1.0.1:
  version "1.0.1"
  resolved "https://registry.npmmirror.com/wcwidth/-/wcwidth-1.0.1.tgz#f0b0dcf915bc5ff1528afadb2c0e17b532da2fe8"
  integrity sha512-XHPEwS0q6TaxcvG85+8EYkbiCux2XtWG2mkc47Ng2A77BQu9+DqIOJldST4HgPkuea7dvKSj5VgX3P1d4rW8Tg==
  dependencies:
    defaults "^1.0.3"

xregexp@2.0.0:
  version "2.0.0"
  resolved "https://registry.npmmirror.com/xregexp/-/xregexp-2.0.0.tgz#52a63e56ca0b84a7f3a5f3d61872f126ad7a5943"
  integrity sha512-xl/50/Cf32VsGq/1R8jJE5ajH1yMCQkpmoS10QbFZWl2Oor4H0Me64Pu2yxvsRWK3m6soJbmGfzSR7BYmDcWAA==
